
Microsoft Visual Studio Solution File, Format Version 12.00
# Visual Studio Version 17
VisualStudioVersion = 17.3.32929.385
MinimumVisualStudioVersion = 10.0.40219.1
Project("{FAE04EC0-301F-11D3-BF4B-00C04F79EFBC}") = "Lab 2 IS", "Lab 2 IS.csproj", "{A3A248F6-A7C8-43FB-A0FF-F8864DE001EE}"
EndProject
Global
	GlobalSection(SolutionConfigurationPlatforms) = preSolution
		Debug|Any CPU = Debug|Any CPU
		Release|Any CPU = Release|Any CPU
	EndGlobalSection
	GlobalSection(ProjectConfigurationPlatforms) = postSolution
		{A3A248F6-A7C8-43FB-A0FF-F8864DE001EE}.Debug|Any CPU.ActiveCfg = Debug|Any CPU
		{A3A248F6-A7C8-43FB-A0FF-F8864DE001EE}.Debug|Any CPU.Build.0 = Debug|Any CPU
		{A3A248F6-A7C8-43FB-A0FF-F8864DE001EE}.Release|Any CPU.ActiveCfg = Release|Any CPU
		{A3A248F6-A7C8-43FB-A0FF-F8864DE001EE}.Release|Any CPU.Build.0 = Release|Any CPU
	EndGlobalSection
	GlobalSection(SolutionProperties) = preSolution
		HideSolutionNode = FALSE
	EndGlobalSection
	GlobalSection(ExtensibilityGlobals) = postSolution
		SolutionGuid = {597DD80F-5648-4132-BD59-607E3D42913E}
	EndGlobalSection
EndGlobal
